
Microsoft Visual Studio Solution File, Format Version 12.00
# Visual Studio Version 16
VisualStudioVersion = 16.0.30907.101
MinimumVisualStudioVersion = 10.0.40219.1
Project("{FAE04EC0-301F-11D3-BF4B-00C04F79EFBC}") = "RTS", "RTS.csproj", "{1E9E5EA5-30C2-4CD6-814B-72DD892C1054}"
EndProject
Global
	GlobalSection(SolutionConfigurationPlatforms) = preSolution
		Debug|Any CPU = Debug|Any CPU
		Release|Any CPU = Release|Any CPU
	EndGlobalSection
	GlobalSection(ProjectConfigurationPlatforms) = postSolution
		{1E9E5EA5-30C2-4CD6-814B-72DD892C1054}.Debug|Any CPU.ActiveCfg = Debug|Any CPU
		{1E9E5EA5-30C2-4CD6-814B-72DD892C1054}.Debug|Any CPU.Build.0 = Debug|Any CPU
		{1E9E5EA5-30C2-4CD6-814B-72DD892C1054}.Release|Any CPU.ActiveCfg = Release|Any CPU
		{1E9E5EA5-30C2-4CD6-814B-72DD892C1054}.Release|Any CPU.Build.0 = Release|Any CPU
	EndGlobalSection
	GlobalSection(SolutionProperties) = preSolution
		HideSolutionNode = FALSE
	EndGlobalSection
	GlobalSection(ExtensibilityGlobals) = postSolution
		SolutionGuid = {EF899207-B746-45CA-8B0E-4C069DC27D13}
	EndGlobalSection
EndGlobal
